
Microsoft Visual Studio Solution File, Format Version 12.00
# Visual Studio Version 17
VisualStudioVersion = 17.5.002.0
MinimumVisualStudioVersion = 10.0.40219.1
Project("{2150E333-8FDC-42A3-9474-1A3956D46DE8}") = "prepare", "prepare", "{1FB4EAAF-1BD7-4871-846F-4A007CBC9948}"
EndProject
Project("{9A19103F-16F7-4668-BE54-9A1E7A4F7556}") = "Learning02", "prepare\Learning02\Learning02.csproj", "{B3464360-E571-4FEE-BFD6-95DB140BA906}"
EndProject
Project("{9A19103F-16F7-4668-BE54-9A1E7A4F7556}") = "Learning05", "prepare\Learning05\Learning05.csproj", "{99A71568-447A-40CD-9BD0-E36B5690167C}"
EndProject
Project("{9A19103F-16F7-4668-BE54-9A1E7A4F7556}") = "Learning04", "prepare\Learning04\Learning04.csproj", "{98EA26D1-B386-493D-8964-0E750215D9CD}"
EndProject
Project("{9A19103F-16F7-4668-BE54-9A1E7A4F7556}") = "Learning03", "prepare\Learning03\Learning03.csproj", "{953EE133-AD05-49E5-A334-E6412BDE0B22}"
EndProject
Project("{2150E333-8FDC-42A3-9474-1A3956D46DE8}") = "prove", "prove", "{606EF56C-2347-4431-BFB5-B14C2DF7DCF9}"
EndProject
Project("{9A19103F-16F7-4668-BE54-9A1E7A4F7556}") = "Develop03", "prove\Develop03\Develop03.csproj", "{A32E8F8E-7C05-4874-95DF-24BB453D8D3C}"
EndProject
Project("{9A19103F-16F7-4668-BE54-9A1E7A4F7556}") = "Develop04", "prove\Develop04\Develop04.csproj", "{38CD6E05-7044-46F3-A9BD-5098CF8E33DB}"
EndProject
Project("{9A19103F-16F7-4668-BE54-9A1E7A4F7556}") = "Develop05", "prove\Develop05\Develop05.csproj", "{DC938C14-2872-4740-8374-D38C316049E6}"
EndProject
Project("{9A19103F-16F7-4668-BE54-9A1E7A4F7556}") = "Develop02", "prove\Develop02\Develop02.csproj", "{74C66A58-DF1C-4D7F-BA67-9A9C215A5A7D}"
EndProject
Project("{2150E333-8FDC-42A3-9474-1A3956D46DE8}") = "sandbox", "sandbox", "{99C4A591-DC59-4A27-BFC9-04029413B933}"
EndProject
Project("{9A19103F-16F7-4668-BE54-9A1E7A4F7556}") = "Sandbox", "sandbox\Sandbox\Sandbox.csproj", "{DB4BA9B4-0E84-4C08-B98D-D0F35C65837D}"
EndProject
Project("{2150E333-8FDC-42A3-9474-1A3956D46DE8}") = "final", "final", "{24661DB9-172A-4628-A8EE-3B6784354227}"
EndProject
Project("{9A19103F-16F7-4668-BE54-9A1E7A4F7556}") = "FinalProject", "final\FinalProject\FinalProject.csproj", "{7169F4FF-B8D4-45FA-BA41-04D0DB4C908C}"
EndProject
Project("{9A19103F-16F7-4668-BE54-9A1E7A4F7556}") = "Foundation1", "final\Foundation1\Foundation1.csproj", "{3E2B7991-E67D-4C48-AF50-9A9CAB295BC9}"
EndProject
Project("{9A19103F-16F7-4668-BE54-9A1E7A4F7556}") = "Foundation4", "final\Foundation4\Foundation4.csproj", "{80CA4ED9-0729-478D-B95A-D0791D092C63}"
EndProject
Project("{9A19103F-16F7-4668-BE54-9A1E7A4F7556}") = "Foundation3", "final\Foundation3\Foundation3.csproj", "{A8E6B4C5-B88F-4C5F-9BAC-EADECEE8A7CD}"
EndProject
Project("{9A19103F-16F7-4668-BE54-9A1E7A4F7556}") = "Foundation2", "final\Foundation2\Foundation2.csproj", "{DB3D30F4-1A70-4F96-B9C8-52F24AAF285A}"
EndProject
Project("{2150E333-8FDC-42A3-9474-1A3956D46DE8}") = "csharp-prep", "csharp-prep", "{CED87F9A-DAE6-433E-B300-73392ADD4253}"
EndProject
Project("{9A19103F-16F7-4668-BE54-9A1E7A4F7556}") = "Prep1", "csharp-prep\Prep1\Prep1.csproj", "{BAED7BDF-0D99-495B-9136-9AA71E5C10E4}"
EndProject
Project("{9A19103F-16F7-4668-BE54-9A1E7A4F7556}") = "Prep5", "csharp-prep\Prep5\Prep5.csproj", "{B9E482E6-CE09-4BAE-A27E-C50376BF9AC5}"
EndProject
Project("{9A19103F-16F7-4668-BE54-9A1E7A4F7556}") = "Prep2", "csharp-prep\Prep2\Prep2.csproj", "{1A8E968A-8FED-43FC-BC4F-51DED344128D}"
EndProject
Project("{9A19103F-16F7-4668-BE54-9A1E7A4F7556}") = "Prep3", "csharp-prep\Prep3\Prep3.csproj", "{E4903763-8468-462F-9E73-8F40656A588E}"
EndProject
Project("{9A19103F-16F7-4668-BE54-9A1E7A4F7556}") = "Prep4", "csharp-prep\Prep4\Prep4.csproj", "{2125D000-5B47-4683-BB2C-22E0E61A909B}"
EndProject
Global
	GlobalSection(SolutionConfigurationPlatforms) = preSolution
		Debug|Any CPU = Debug|Any CPU
		Release|Any CPU = Release|Any CPU
	EndGlobalSection
	GlobalSection(ProjectConfigurationPlatforms) = postSolution
		{B3464360-E571-4FEE-BFD6-95DB140BA906}.Debug|Any CPU.ActiveCfg = Debug|Any CPU
		{B3464360-E571-4FEE-BFD6-95DB140BA906}.Debug|Any CPU.Build.0 = Debug|Any CPU
		{B3464360-E571-4FEE-BFD6-95DB140BA906}.Release|Any CPU.ActiveCfg = Release|Any CPU
		{B3464360-E571-4FEE-BFD6-95DB140BA906}.Release|Any CPU.Build.0 = Release|Any CPU
		{99A71568-447A-40CD-9BD0-E36B5690167C}.Debug|Any CPU.ActiveCfg = Debug|Any CPU
		{99A71568-447A-40CD-9BD0-E36B5690167C}.Debug|Any CPU.Build.0 = Debug|Any CPU
		{99A71568-447A-40CD-9BD0-E36B5690167C}.Release|Any CPU.ActiveCfg = Release|Any CPU
		{99A71568-447A-40CD-9BD0-E36B5690167C}.Release|Any CPU.Build.0 = Release|Any CPU
		{98EA26D1-B386-493D-8964-0E750215D9CD}.Debug|Any CPU.ActiveCfg = Debug|Any CPU
		{98EA26D1-B386-493D-8964-0E750215D9CD}.Debug|Any CPU.Build.0 = Debug|Any CPU
		{98EA26D1-B386-493D-8964-0E750215D9CD}.Release|Any CPU.ActiveCfg = Release|Any CPU
		{98EA26D1-B386-493D-8964-0E750215D9CD}.Release|Any CPU.Build.0 = Release|Any CPU
		{953EE133-AD05-49E5-A334-E6412BDE0B22}.Debug|Any CPU.ActiveCfg = Debug|Any CPU
		{953EE133-AD05-49E5-A334-E6412BDE0B22}.Debug|Any CPU.Build.0 = Debug|Any CPU
		{953EE133-AD05-49E5-A334-E6412BDE0B22}.Release|Any CPU.ActiveCfg = Release|Any CPU
		{953EE133-AD05-49E5-A334-E6412BDE0B22}.Release|Any CPU.Build.0 = Release|Any CPU
		{A32E8F8E-7C05-4874-95DF-24BB453D8D3C}.Debug|Any CPU.ActiveCfg = Debug|Any CPU
		{A32E8F8E-7C05-4874-95DF-24BB453D8D3C}.Debug|Any CPU.Build.0 = Debug|Any CPU
		{A32E8F8E-7C05-4874-95DF-24BB453D8D3C}.Release|Any CPU.ActiveCfg = Release|Any CPU
		{A32E8F8E-7C05-4874-95DF-24BB453D8D3C}.Release|Any CPU.Build.0 = Release|Any CPU
		{38CD6E05-7044-46F3-A9BD-5098CF8E33DB}.Debug|Any CPU.ActiveCfg = Debug|Any CPU
		{38CD6E05-7044-46F3-A9BD-5098CF8E33DB}.Debug|Any CPU.Build.0 = Debug|Any CPU
		{38CD6E05-7044-46F3-A9BD-5098CF8E33DB}.Release|Any CPU.ActiveCfg = Release|Any CPU
		{38CD6E05-7044-46F3-A9BD-5098CF8E33DB}.Release|Any CPU.Build.0 = Release|Any CPU
		{DC938C14-2872-4740-8374-D38C316049E6}.Debug|Any CPU.ActiveCfg = Debug|Any CPU
		{DC938C14-2872-4740-8374-D38C316049E6}.Debug|Any CPU.Build.0 = Debug|Any CPU
		{DC938C14-2872-4740-8374-D38C316049E6}.Release|Any CPU.ActiveCfg = Release|Any CPU
		{DC938C14-2872-4740-8374-D38C316049E6}.Release|Any CPU.Build.0 = Release|Any CPU
		{74C66A58-DF1C-4D7F-BA67-9A9C215A5A7D}.Debug|Any CPU.ActiveCfg = Debug|Any CPU
		{74C66A58-DF1C-4D7F-BA67-9A9C215A5A7D}.Debug|Any CPU.Build.0 = Debug|Any CPU
		{74C66A58-DF1C-4D7F-BA67-9A9C215A5A7D}.Release|Any CPU.ActiveCfg = Release|Any CPU
		{74C66A58-DF1C-4D7F-BA67-9A9C215A5A7D}.Release|Any CPU.Build.0 = Release|Any CPU
		{DB4BA9B4-0E84-4C08-B98D-D0F35C65837D}.Debug|Any CPU.ActiveCfg = Debug|Any CPU
		{DB4BA9B4-0E84-4C08-B98D-D0F35C65837D}.Debug|Any CPU.Build.0 = Debug|Any CPU
		{DB4BA9B4-0E84-4C08-B98D-D0F35C65837D}.Release|Any CPU.ActiveCfg = Release|Any CPU
		{DB4BA9B4-0E84-4C08-B98D-D0F35C65837D}.Release|Any CPU.Build.0 = Release|Any CPU
		{7169F4FF-B8D4-45FA-BA41-04D0DB4C908C}.Debug|Any CPU.ActiveCfg = Debug|Any CPU
		{7169F4FF-B8D4-45FA-BA41-04D0DB4C908C}.Debug|Any CPU.Build.0 = Debug|Any CPU
		{7169F4FF-B8D4-45FA-BA41-04D0DB4C908C}.Release|Any CPU.ActiveCfg = Release|Any CPU
		{7169F4FF-B8D4-45FA-BA41-04D0DB4C908C}.Release|Any CPU.Build.0 = Release|Any CPU
		{3E2B7991-E67D-4C48-AF50-9A9CAB295BC9}.Debug|Any CPU.ActiveCfg = Debug|Any CPU
		{3E2B7991-E67D-4C48-AF50-9A9CAB295BC9}.Debug|Any CPU.Build.0 = Debug|Any CPU
		{3E2B7991-E67D-4C48-AF50-9A9CAB295BC9}.Release|Any CPU.ActiveCfg = Release|Any CPU
		{3E2B7991-E67D-4C48-AF50-9A9CAB295BC9}.Release|Any CPU.Build.0 = Release|Any CPU
		{80CA4ED9-0729-478D-B95A-D0791D092C63}.Debug|Any CPU.ActiveCfg = Debug|Any CPU
		{80CA4ED9-0729-478D-B95A-D0791D092C63}.Debug|Any CPU.Build.0 = Debug|Any CPU
		{80CA4ED9-0729-478D-B95A-D0791D092C63}.Release|Any CPU.ActiveCfg = Release|Any CPU
		{80CA4ED9-0729-478D-B95A-D0791D092C63}.Release|Any CPU.Build.0 = Release|Any CPU
		{A8E6B4C5-B88F-4C5F-9BAC-EADECEE8A7CD}.Debug|Any CPU.ActiveCfg = Debug|Any CPU
		{A8E6B4C5-B88F-4C5F-9BAC-EADECEE8A7CD}.Debug|Any CPU.Build.0 = Debug|Any CPU
		{A8E6B4C5-B88F-4C5F-9BAC-EADECEE8A7CD}.Release|Any CPU.ActiveCfg = Release|Any CPU
		{A8E6B4C5-B88F-4C5F-9BAC-EADECEE8A7CD}.Release|Any CPU.Build.0 = Release|Any CPU
		{DB3D30F4-1A70-4F96-B9C8-52F24AAF285A}.Debug|Any CPU.ActiveCfg = Debug|Any CPU
		{DB3D30F4-1A70-4F96-B9C8-52F24AAF285A}.Debug|Any CPU.Build.0 = Debug|Any CPU
		{DB3D30F4-1A70-4F96-B9C8-52F24AAF285A}.Release|Any CPU.ActiveCfg = Release|Any CPU
		{DB3D30F4-1A70-4F96-B9C8-52F24AAF285A}.Release|Any CPU.Build.0 = Release|Any CPU
		{BAED7BDF-0D99-495B-9136-9AA71E5C10E4}.Debug|Any CPU.ActiveCfg = Debug|Any CPU
		{BAED7BDF-0D99-495B-9136-9AA71E5C10E4}.Debug|Any CPU.Build.0 = Debug|Any CPU
		{BAED7BDF-0D99-495B-9136-9AA71E5C10E4}.Release|Any CPU.ActiveCfg = Release|Any CPU
		{BAED7BDF-0D99-495B-9136-9AA71E5C10E4}.Release|Any CPU.Build.0 = Release|Any CPU
		{B9E482E6-CE09-4BAE-A27E-C50376BF9AC5}.Debug|Any CPU.ActiveCfg = Debug|Any CPU
		{B9E482E6-CE09-4BAE-A27E-C50376BF9AC5}.Debug|Any CPU.Build.0 = Debug|Any CPU
		{B9E482E6-CE09-4BAE-A27E-C50376BF9AC5}.Release|Any CPU.ActiveCfg = Release|Any CPU
		{B9E482E6-CE09-4BAE-A27E-C50376BF9AC5}.Release|Any CPU.Build.0 = Release|Any CPU
		{1A8E968A-8FED-43FC-BC4F-51DED344128D}.Debug|Any CPU.ActiveCfg = Debug|Any CPU
		{1A8E968A-8FED-43FC-BC4F-51DED344128D}.Debug|Any CPU.Build.0 = Debug|Any CPU
		{1A8E968A-8FED-43FC-BC4F-51DED344128D}.Release|Any CPU.ActiveCfg = Release|Any CPU
		{1A8E968A-8FED-43FC-BC4F-51DED344128D}.Release|Any CPU.Build.0 = Release|Any CPU
		{E4903763-8468-462F-9E73-8F40656A588E}.Debug|Any CPU.ActiveCfg = Debug|Any CPU
		{E4903763-8468-462F-9E73-8F40656A588E}.Debug|Any CPU.Build.0 = Debug|Any CPU
		{E4903763-8468-462F-9E73-8F40656A588E}.Release|Any CPU.ActiveCfg = Release|Any CPU
		{E4903763-8468-462F-9E73-8F40656A588E}.Release|Any CPU.Build.0 = Release|Any CPU
		{2125D000-5B47-4683-BB2C-22E0E61A909B}.Debug|Any CPU.ActiveCfg = Debug|Any CPU
		{2125D000-5B47-4683-BB2C-22E0E61A909B}.Debug|Any CPU.Build.0 = Debug|Any CPU
		{2125D000-5B47-4683-BB2C-22E0E61A909B}.Release|Any CPU.ActiveCfg = Release|Any CPU
		{2125D000-5B47-4683-BB2C-22E0E61A909B}.Release|Any CPU.Build.0 = Release|Any CPU
	EndGlobalSection
	GlobalSection(SolutionProperties) = preSolution
		HideSolutionNode = FALSE
	EndGlobalSection
	GlobalSection(NestedProjects) = preSolution
		{B3464360-E571-4FEE-BFD6-95DB140BA906} = {1FB4EAAF-1BD7-4871-846F-4A007CBC9948}
		{99A71568-447A-40CD-9BD0-E36B5690167C} = {1FB4EAAF-1BD7-4871-846F-4A007CBC9948}
		{98EA26D1-B386-493D-8964-0E750215D9CD} = {1FB4EAAF-1BD7-4871-846F-4A007CBC9948}
		{953EE133-AD05-49E5-A334-E6412BDE0B22} = {1FB4EAAF-1BD7-4871-846F-4A007CBC9948}
		{A32E8F8E-7C05-4874-95DF-24BB453D8D3C} = {606EF56C-2347-4431-BFB5-B14C2DF7DCF9}
		{38CD6E05-7044-46F3-A9BD-5098CF8E33DB} = {606EF56C-2347-4431-BFB5-B14C2DF7DCF9}
		{DC938C14-2872-4740-8374-D38C316049E6} = {606EF56C-2347-4431-BFB5-B14C2DF7DCF9}
		{74C66A58-DF1C-4D7F-BA67-9A9C215A5A7D} = {606EF56C-2347-4431-BFB5-B14C2DF7DCF9}
		{DB4BA9B4-0E84-4C08-B98D-D0F35C65837D} = {99C4A591-DC59-4A27-BFC9-04029413B933}
		{7169F4FF-B8D4-45FA-BA41-04D0DB4C908C} = {24661DB9-172A-4628-A8EE-3B6784354227}
		{3E2B7991-E67D-4C48-AF50-9A9CAB295BC9} = {24661DB9-172A-4628-A8EE-3B6784354227}
		{80CA4ED9-0729-478D-B95A-D0791D092C63} = {24661DB9-172A-4628-A8EE-3B6784354227}
		{A8E6B4C5-B88F-4C5F-9BAC-EADECEE8A7CD} = {24661DB9-172A-4628-A8EE-3B6784354227}
		{DB3D30F4-1A70-4F96-B9C8-52F24AAF285A} = {24661DB9-172A-4628-A8EE-3B6784354227}
		{BAED7BDF-0D99-495B-9136-9AA71E5C10E4} = {CED87F9A-DAE6-433E-B300-73392ADD4253}
		{B9E482E6-CE09-4BAE-A27E-C50376BF9AC5} = {CED87F9A-DAE6-433E-B300-73392ADD4253}
		{1A8E968A-8FED-43FC-BC4F-51DED344128D} = {CED87F9A-DAE6-433E-B300-73392ADD4253}
		{E4903763-8468-462F-9E73-8F40656A588E} = {CED87F9A-DAE6-433E-B300-73392ADD4253}
		{2125D000-5B47-4683-BB2C-22E0E61A909B} = {CED87F9A-DAE6-433E-B300-73392ADD4253}
	EndGlobalSection
	GlobalSection(ExtensibilityGlobals) = postSolution
		SolutionGuid = {C922EB5F-343F-48D7-BC37-346D80CCCAE0}
	EndGlobalSection
EndGlobal
